
Microsoft Visual Studio Solution File, Format Version 12.00
# Visual Studio Version 17
VisualStudioVersion = 17.6.33723.286
MinimumVisualStudioVersion = 10.0.40219.1
Project("{9A19103F-16F7-4668-BE54-9A1E7A4F7556}") = "MagicVilla.VillaAPI", "MagicVilla.VillaAPI\MagicVilla.VillaAPI.csproj", "{427BA200-785D-432E-872A-FBE53D5D9CCB}"
EndProject
Project("{FAE04EC0-301F-11D3-BF4B-00C04F79EFBC}") = "MagicVilla.Web", "MagicVilla.Web\MagicVilla.Web.csproj", "{39745F7C-8B2E-43DA-8D26-FACD08FC1BF6}"
EndProject
Project("{FAE04EC0-301F-11D3-BF4B-00C04F79EFBC}") = "MagicVilla.Utility", "MagicVilla.Utility\MagicVilla.Utility.csproj", "{528C5D94-9236-4265-BB32-09B89A8D6E08}"
EndProject
Global
	GlobalSection(SolutionConfigurationPlatforms) = preSolution
		Debug|Any CPU = Debug|Any CPU
		Release|Any CPU = Release|Any CPU
	EndGlobalSection
	GlobalSection(ProjectConfigurationPlatforms) = postSolution
		{427BA200-785D-432E-872A-FBE53D5D9CCB}.Debug|Any CPU.ActiveCfg = Debug|Any CPU
		{427BA200-785D-432E-872A-FBE53D5D9CCB}.Debug|Any CPU.Build.0 = Debug|Any CPU
		{427BA200-785D-432E-872A-FBE53D5D9CCB}.Release|Any CPU.ActiveCfg = Release|Any CPU
		{427BA200-785D-432E-872A-FBE53D5D9CCB}.Release|Any CPU.Build.0 = Release|Any CPU
		{39745F7C-8B2E-43DA-8D26-FACD08FC1BF6}.Debug|Any CPU.ActiveCfg = Debug|Any CPU
		{39745F7C-8B2E-43DA-8D26-FACD08FC1BF6}.Debug|Any CPU.Build.0 = Debug|Any CPU
		{39745F7C-8B2E-43DA-8D26-FACD08FC1BF6}.Release|Any CPU.ActiveCfg = Release|Any CPU
		{39745F7C-8B2E-43DA-8D26-FACD08FC1BF6}.Release|Any CPU.Build.0 = Release|Any CPU
		{528C5D94-9236-4265-BB32-09B89A8D6E08}.Debug|Any CPU.ActiveCfg = Debug|Any CPU
		{528C5D94-9236-4265-BB32-09B89A8D6E08}.Debug|Any CPU.Build.0 = Debug|Any CPU
		{528C5D94-9236-4265-BB32-09B89A8D6E08}.Release|Any CPU.ActiveCfg = Release|Any CPU
		{528C5D94-9236-4265-BB32-09B89A8D6E08}.Release|Any CPU.Build.0 = Release|Any CPU
	EndGlobalSection
	GlobalSection(SolutionProperties) = preSolution
		HideSolutionNode = FALSE
	EndGlobalSection
	GlobalSection(ExtensibilityGlobals) = postSolution
		SolutionGuid = {01F6DB91-AFF2-49EC-AACD-1C82508B4466}
	EndGlobalSection
EndGlobal
